{
  "pins" : [
    {
      "identity" : "libpng.swift",
      "kind" : "remoteSourceControl",
      "location" : "https://github.com/awxkee/libpng.swift.git",
      "state" : {
        "branch" : "master",
        "revision" : "18933d568f7d60c7a5db6dbbd0f0694d8ad8c19d"
      }
    },
    {
      "identity" : "mozjpeg.swift",
      "kind" : "remoteSourceControl",
      "location" : "https://github.com/awxkee/mozjpeg.swift.git",
      "state" : {
        "branch" : "master",
        "revision" : "83bb67d47c4aa48ec9f94f8541e47fc3e6262772"
      }
    },
    {
      "identity" : "pdfwriter",
      "kind" : "remoteSourceControl",
      "location" : "https://github.com/awxkee/pdfwriter.git",
      "state" : {
        "branch" : "master",
        "revision" : "15cfd2be6d653c283e257eccb82a03b0f435a442"
      }
    }
  ],
  "version" : 2
}
